
Microsoft Visual Studio Solution File, Format Version 12.00
# Visual Studio Version 16
VisualStudioVersion = 16.0.31410.357
MinimumVisualStudioVersion = 10.0.40219.1
Project("{FAE04EC0-301F-11D3-BF4B-00C04F79EFBC}") = "Class Box Data", "Class Box Data\Class Box Data.csproj", "{73924A49-6150-4BB8-B587-91E404026DEF}"
EndProject
Global
	GlobalSection(SolutionConfigurationPlatforms) = preSolution
		Debug|Any CPU = Debug|Any CPU
		Release|Any CPU = Release|Any CPU
	EndGlobalSection
	GlobalSection(ProjectConfigurationPlatforms) = postSolution
		{73924A49-6150-4BB8-B587-91E404026DEF}.Debug|Any CPU.ActiveCfg = Debug|Any CPU
		{73924A49-6150-4BB8-B587-91E404026DEF}.Debug|Any CPU.Build.0 = Debug|Any CPU
		{73924A49-6150-4BB8-B587-91E404026DEF}.Release|Any CPU.ActiveCfg = Release|Any CPU
		{73924A49-6150-4BB8-B587-91E404026DEF}.Release|Any CPU.Build.0 = Release|Any CPU
	EndGlobalSection
	GlobalSection(SolutionProperties) = preSolution
		HideSolutionNode = FALSE
	EndGlobalSection
	GlobalSection(ExtensibilityGlobals) = postSolution
		SolutionGuid = {F7076BB2-8653-437F-B6CB-736E8CC1D51A}
	EndGlobalSection
EndGlobal
